github.com/HugoBlox/hugo-blox-builder/modules/blox-plugin-netlify v1.1.2-0.20240907224459-9b7e44a06ecc h1:cD/zbNWt9lfo2E/kxnQa7t/MT30Hbm9pil2wO0fhfYk=
github.com/HugoBlox/hugo-blox-builder/modules/blox-plugin-netlify v1.1.2-0.20240907224459-9b7e44a06ecc/go.mod h1:C7jfxMLv1bEUqbM9XDSmEpfOpS8w06OgqNDEcbuRgL4=
github.com/HugoBlox/hugo-blox-builder/modules/blox-plugin-netlify v1.1.2-0.20240908170534-4f621dfa3a5a h1:wDXvsvFWd6uSSet48NeVw2WKdtpJ76+aXLcmYX+wfSc=
github.com/HugoBlox/hugo-blox-builder/modules/blox-plugin-netlify v1.1.2-0.20240908170534-4f621dfa3a5a/go.mod h1:C7jfxMLv1bEUqbM9XDSmEpfOpS8w06OgqNDEcbuRgL4=
github.com/HugoBlox/hugo-blox-builder/modules/blox-plugin-netlify v1.1.2-0.20241006005725-33edab58829a h1:8m0mpmJnVPO2QwOr52FDOj006HuB0ToQ65pphjRqY00=
github.com/HugoBlox/hugo-blox-builder/modules/blox-plugin-netlify v1.1.2-0.20241006005725-33edab58829a/go.mod h1:C7jfxMLv1bEUqbM9XDSmEpfOpS8w06OgqNDEcbuRgL4=
github.com/HugoBlox/hugo-blox-builder/modules/blox-tailwind v0.2.1-0.20240519161223-50c6efcd67ff h1:xzOEmtQHvj9E2v98PkoblqREpzlP0d9dz5g6ax1sscA=
github.com/HugoBlox/hugo-blox-builder/modules/blox-tailwind v0.2.1-0.20240519161223-50c6efcd67ff/go.mod h1:+qBbqXbKT7M2nOeHQa5OrRXwQKpEx1RXpMGirHbT7HU=
